# THIS IS AN AUTOGENERATED FILE. DO NOT EDIT THIS FILE DIRECTLY.
# yarn lockfile v1


"@babel/runtime-corejs3@^7.24.4":
  version "7.28.4"
  resolved "https://registry.yarnpkg.com/@babel/runtime-corejs3/-/runtime-corejs3-7.28.4.tgz#c25be39c7997ce2f130d70b9baecb8ed94df93fa"
  integrity sha512-h7iEYiW4HebClDEhtvFObtPmIvrd1SSfpI9EhOeKk4CtIK/ngBWFpuhCzhdmRKtg71ylcue+9I6dv54XYO1epQ==
  dependencies:
    core-js-pure "^3.43.0"

core-js-pure@^3.43.0:
  version "3.45.1"
  resolved "https://registry.yarnpkg.com/core-js-pure/-/core-js-pure-3.45.1.tgz#b129d86a5f7f8380378577c7eaee83608570a05a"
  integrity sha512-OHnWFKgTUshEU8MK+lOs1H8kC8GkTi9Z1tvNkxrCcw9wl3MJIO7q2ld77wjWn4/xuGrVu2X+nME1iIIPBSdyEQ==

imask@^7.6.1:
  version "7.6.1"
  resolved "https://registry.yarnpkg.com/imask/-/imask-7.6.1.tgz#04fa4693bf47a4a71bbf7325408e0d058a74dcad"
  integrity sha512-sJlIFM7eathUEMChTh9Mrfw/IgiWgJqBKq2VNbyXvBZ7ev/IlO6/KQTKlV/Fm+viQMLrFLG/zCuudrLIwgK2dg==
  dependencies:
    "@babel/runtime-corejs3" "^7.24.4"
