# THIS IS AN AUTOGENERATED FILE. DO NOT EDIT THIS FILE DIRECTLY.
# yarn lockfile v1


"@babel/runtime-corejs3@^7.24.4":
  version "7.28.4"
  resolved "https://registry.yarnpkg.com/@babel/runtime-corejs3/-/runtime-corejs3-7.28.4.tgz#c25be39c7997ce2f130d70b9baecb8ed94df93fa"
  integrity sha512-h7iEYiW4HebClDEhtvFObtPmIvrd1SSfpI9EhOeKk4CtIK/ngBWFpuhCzhdmRKtg71ylcue+9I6dv54XYO1epQ==
  dependencies:
    core-js-pure "^3.43.0"

"@cropper/element-canvas@^2.0.1":
  version "2.0.1"
  resolved "https://registry.yarnpkg.com/@cropper/element-canvas/-/element-canvas-2.0.1.tgz#564451270a642b1da56ad53b7e495dc1a77b19f3"
  integrity sha512-OKxq/O0HL9W2JegOsc2zh1NRpERZcLM5+M8aQ/eXdmMcfi1lzosPftag3Irp6pTsVpwV6B6ypIxKESzJ4ci9Fw==
  dependencies:
    "@cropper/element" "^2.0.1"
    "@cropper/utils" "^2.0.1"

"@cropper/element-crosshair@^2.0.1":
  version "2.0.1"
  resolved "https://registry.yarnpkg.com/@cropper/element-crosshair/-/element-crosshair-2.0.1.tgz#207b9962cd1678d8e60418f54825a76bd2382b74"
  integrity sha512-bS5msU9cTU/jf1/kDw+QJmEM9/rw8IgOdpolR85iMVUCR8sRcLa0wgom42MBHcpBYB6hvL5YfiOeXZ7lHIYMpw==
  dependencies:
    "@cropper/element" "^2.0.1"
    "@cropper/utils" "^2.0.1"

"@cropper/element-grid@^2.0.1":
  version "2.0.1"
  resolved "https://registry.yarnpkg.com/@cropper/element-grid/-/element-grid-2.0.1.tgz#4d4ee1b873be6b0dbd07e5b3686da30265aed401"
  integrity sha512-ayqCvYQJ+GVT31HhFpttzHabW1T/LsIwLJY5PLTMG0cEZLw/E8ihg8mxctjZbo852D7oEePbz6/2SeuCb1018Q==
  dependencies:
    "@cropper/element" "^2.0.1"
    "@cropper/utils" "^2.0.1"

"@cropper/element-handle@^2.0.1":
  version "2.0.1"
  resolved "https://registry.yarnpkg.com/@cropper/element-handle/-/element-handle-2.0.1.tgz#04032ef162ad2dead2bcfb41ebcaa951e37b111c"
  integrity sha512-fdifyyPIaR9S2eQ7qPHuM8fX8uToAfBsi8vQlR9EM+oJkDNil0uO4rWyArLWEtlr0/q7U0OvsufcuJ7ffqfmpg==
  dependencies:
    "@cropper/element" "^2.0.1"
    "@cropper/utils" "^2.0.1"

"@cropper/element-image@^2.0.1":
  version "2.0.1"
  resolved "https://registry.yarnpkg.com/@cropper/element-image/-/element-image-2.0.1.tgz#38fb8470ce286b276d384556efa66eb47190c864"
  integrity sha512-gPj5Sl2T8Cno198Cz3F3TDfcYoALW3yJ3fV6PHXmhMnX8sBkL7J441do7Vwkg0mEd2CogCtTLAf+p7ljdV0kgA==
  dependencies:
    "@cropper/element" "^2.0.1"
    "@cropper/element-canvas" "^2.0.1"
    "@cropper/utils" "^2.0.1"

"@cropper/element-selection@^2.0.1":
  version "2.0.1"
  resolved "https://registry.yarnpkg.com/@cropper/element-selection/-/element-selection-2.0.1.tgz#965df6f2d6cd986c83efa325766c29700488eba1"
  integrity sha512-atv+Aeq2N2eWawelIRPGh1kYFdNrpb0QkUPPheGxz1ImfxpLdcHO9gb9T5noQijizUW2G0pNvts4ZaITQ0I71Q==
  dependencies:
    "@cropper/element" "^2.0.1"
    "@cropper/element-canvas" "^2.0.1"
    "@cropper/element-image" "^2.0.1"
    "@cropper/utils" "^2.0.1"

"@cropper/element-shade@^2.0.1":
  version "2.0.1"
  resolved "https://registry.yarnpkg.com/@cropper/element-shade/-/element-shade-2.0.1.tgz#5ba42c8066fb6439f5f513a73b93f0c62236acaa"
  integrity sha512-YIYgJ690NdFQ6wJLRFh/EySNVxGFKArncQ4FrsJ3yHU+ShgtOKz4FpjFLpqJRJB9swoVbD3WKTimGyzXrwjZrQ==
  dependencies:
    "@cropper/element" "^2.0.1"
    "@cropper/element-canvas" "^2.0.1"
    "@cropper/element-selection" "^2.0.1"
    "@cropper/utils" "^2.0.1"

"@cropper/element-viewer@^2.0.1":
  version "2.0.1"
  resolved "https://registry.yarnpkg.com/@cropper/element-viewer/-/element-viewer-2.0.1.tgz#3bf79a1f09acae5dc12d6e9c88a4dc7ab7de0b9d"
  integrity sha512-HDj25l08pWi/AO6El/OqfQHBpBC4Lh5NEnQN1SOldsmxEwt27Ubv6ndDsF8LkTK7XPwjjZRpyQPyfig4w8L2JQ==
  dependencies:
    "@cropper/element" "^2.0.1"
    "@cropper/element-canvas" "^2.0.1"
    "@cropper/element-image" "^2.0.1"
    "@cropper/element-selection" "^2.0.1"
    "@cropper/utils" "^2.0.1"

"@cropper/element@^2.0.1":
  version "2.0.1"
  resolved "https://registry.yarnpkg.com/@cropper/element/-/element-2.0.1.tgz#d5a486064a3b3ea055a655826041d35097a28526"
  integrity sha512-Jn1hR7XWzWQM/QfXRGMGzdkJ2gG/UcLdQPZQ7OKs0JiFfRzKpzu4u/nYrXHeH3MM2iOslLqh2kqYju6mjZLMJQ==
  dependencies:
    "@cropper/utils" "^2.0.1"

"@cropper/elements@^2.0.1":
  version "2.0.1"
  resolved "https://registry.yarnpkg.com/@cropper/elements/-/elements-2.0.1.tgz#954192d3a90c6bfeca2fcc8f5b1df972de1e7661"
  integrity sha512-paFbBLXTKXNngn1yDi2ZIf+FO1pIEQXyBntmqOjuxqtG73KuEKv633wsJPFpj958bgcfSakgBbF80j+3nHbPug==
  dependencies:
    "@cropper/element" "^2.0.1"
    "@cropper/element-canvas" "^2.0.1"
    "@cropper/element-crosshair" "^2.0.1"
    "@cropper/element-grid" "^2.0.1"
    "@cropper/element-handle" "^2.0.1"
    "@cropper/element-image" "^2.0.1"
    "@cropper/element-selection" "^2.0.1"
    "@cropper/element-shade" "^2.0.1"
    "@cropper/element-viewer" "^2.0.1"

"@cropper/utils@^2.0.1":
  version "2.0.1"
  resolved "https://registry.yarnpkg.com/@cropper/utils/-/utils-2.0.1.tgz#ef24496854be61c677c0e97951813ff9495844d6"
  integrity sha512-A9RnAFmgNF5aZk5q2VZnFnHtXWu1kPyEN0LVsX8wJ2LBRu2nyETKwz+ZXVsVWliktToCaYojHKrS+6/HODyEZA==

core-js-pure@^3.43.0:
  version "3.45.1"
  resolved "https://registry.yarnpkg.com/core-js-pure/-/core-js-pure-3.45.1.tgz#b129d86a5f7f8380378577c7eaee83608570a05a"
  integrity sha512-OHnWFKgTUshEU8MK+lOs1H8kC8GkTi9Z1tvNkxrCcw9wl3MJIO7q2ld77wjWn4/xuGrVu2X+nME1iIIPBSdyEQ==

cropperjs@^2.0.1:
  version "2.0.1"
  resolved "https://registry.yarnpkg.com/cropperjs/-/cropperjs-2.0.1.tgz#74492df8cf54563691605d1510679b242c7f6d39"
  integrity sha512-hiJwk2SCPZqxMA7aR3byzLpYUqOrQo+ihMk8k/WRm/xe/LX8wNzAIzMwEB/NEGJYA6sbewxW9TUlrRUYi/2Ipg==
  dependencies:
    "@cropper/elements" "^2.0.1"
    "@cropper/utils" "^2.0.1"

imask@^7.6.1:
  version "7.6.1"
  resolved "https://registry.yarnpkg.com/imask/-/imask-7.6.1.tgz#04fa4693bf47a4a71bbf7325408e0d058a74dcad"
  integrity sha512-sJlIFM7eathUEMChTh9Mrfw/IgiWgJqBKq2VNbyXvBZ7ev/IlO6/KQTKlV/Fm+viQMLrFLG/zCuudrLIwgK2dg==
  dependencies:
    "@babel/runtime-corejs3" "^7.24.4"
